
Microsoft Visual Studio Solution File, Format Version 12.00
# Visual Studio Express 2013 for Windows Desktop
VisualStudioVersion = 12.0.30723.0
MinimumVisualStudioVersion = 10.0.40219.1
Project("{FAE04EC0-301F-11D3-BF4B-00C04F79EFBC}") = "Task2_1", "Task2_1\Task2_1.csproj", "{A79BD454-F56F-4C19-9C72-39B2E647532F}"
EndProject
Project("{FAE04EC0-301F-11D3-BF4B-00C04F79EFBC}") = "Task2_1.Tests", "Task2_1.Tests\Task2_1.Tests.csproj", "{8C97B50E-1BC7-4308-BFA2-E0D283665329}"
EndProject
Global
	GlobalSection(SolutionConfigurationPlatforms) = preSolution
		Debug|Any CPU = Debug|Any CPU
		Release|Any CPU = Release|Any CPU
	EndGlobalSection
	GlobalSection(ProjectConfigurationPlatforms) = postSolution
		{A79BD454-F56F-4C19-9C72-39B2E647532F}.Debug|Any CPU.ActiveCfg = Debug|Any CPU
		{A79BD454-F56F-4C19-9C72-39B2E647532F}.Debug|Any CPU.Build.0 = Debug|Any CPU
		{A79BD454-F56F-4C19-9C72-39B2E647532F}.Release|Any CPU.ActiveCfg = Release|Any CPU
		{A79BD454-F56F-4C19-9C72-39B2E647532F}.Release|Any CPU.Build.0 = Release|Any CPU
		{8C97B50E-1BC7-4308-BFA2-E0D283665329}.Debug|Any CPU.ActiveCfg = Debug|Any CPU
		{8C97B50E-1BC7-4308-BFA2-E0D283665329}.Debug|Any CPU.Build.0 = Debug|Any CPU
		{8C97B50E-1BC7-4308-BFA2-E0D283665329}.Release|Any CPU.ActiveCfg = Release|Any CPU
		{8C97B50E-1BC7-4308-BFA2-E0D283665329}.Release|Any CPU.Build.0 = Release|Any CPU
	EndGlobalSection
	GlobalSection(SolutionProperties) = preSolution
		HideSolutionNode = FALSE
	EndGlobalSection
EndGlobal
