
Microsoft Visual Studio Solution File, Format Version 12.00
# Visual Studio Express 2013 for Windows Desktop
VisualStudioVersion = 12.0.30723.0
MinimumVisualStudioVersion = 10.0.40219.1
Project("{FAE04EC0-301F-11D3-BF4B-00C04F79EFBC}") = "Task2_3", "Task2_3\Task2_3.csproj", "{49DF3320-0334-4586-BECA-311C8F1C7B94}"
EndProject
Project("{FAE04EC0-301F-11D3-BF4B-00C04F79EFBC}") = "Task2_3.Tests", "Task2_3.Tests\Task2_3.Tests.csproj", "{5595257F-0E50-4E54-85F9-11ADD8E77E2A}"
EndProject
Global
	GlobalSection(SolutionConfigurationPlatforms) = preSolution
		Debug|Any CPU = Debug|Any CPU
		Release|Any CPU = Release|Any CPU
	EndGlobalSection
	GlobalSection(ProjectConfigurationPlatforms) = postSolution
		{49DF3320-0334-4586-BECA-311C8F1C7B94}.Debug|Any CPU.ActiveCfg = Debug|Any CPU
		{49DF3320-0334-4586-BECA-311C8F1C7B94}.Debug|Any CPU.Build.0 = Debug|Any CPU
		{49DF3320-0334-4586-BECA-311C8F1C7B94}.Release|Any CPU.ActiveCfg = Release|Any CPU
		{49DF3320-0334-4586-BECA-311C8F1C7B94}.Release|Any CPU.Build.0 = Release|Any CPU
		{5595257F-0E50-4E54-85F9-11ADD8E77E2A}.Debug|Any CPU.ActiveCfg = Debug|Any CPU
		{5595257F-0E50-4E54-85F9-11ADD8E77E2A}.Debug|Any CPU.Build.0 = Debug|Any CPU
		{5595257F-0E50-4E54-85F9-11ADD8E77E2A}.Release|Any CPU.ActiveCfg = Release|Any CPU
		{5595257F-0E50-4E54-85F9-11ADD8E77E2A}.Release|Any CPU.Build.0 = Release|Any CPU
	EndGlobalSection
	GlobalSection(SolutionProperties) = preSolution
		HideSolutionNode = FALSE
	EndGlobalSection
EndGlobal
