
Microsoft Visual Studio Solution File, Format Version 12.00
# Visual Studio Express 2013 for Windows Desktop
VisualStudioVersion = 12.0.30723.0
MinimumVisualStudioVersion = 10.0.40219.1
Project("{FAE04EC0-301F-11D3-BF4B-00C04F79EFBC}") = "Task5.1", "Task5.1\Task5.1.csproj", "{D7284364-A457-4A9A-AF25-3CB76D9163B6}"
EndProject
Project("{FAE04EC0-301F-11D3-BF4B-00C04F79EFBC}") = "Task5.1.Tests", "Task5.1.Tests\Task5.1.Tests.csproj", "{CF0EAD86-0538-4A92-B67E-0DF4EE5F7F13}"
EndProject
Global
	GlobalSection(SolutionConfigurationPlatforms) = preSolution
		Debug|Any CPU = Debug|Any CPU
		Release|Any CPU = Release|Any CPU
	EndGlobalSection
	GlobalSection(ProjectConfigurationPlatforms) = postSolution
		{D7284364-A457-4A9A-AF25-3CB76D9163B6}.Debug|Any CPU.ActiveCfg = Debug|Any CPU
		{D7284364-A457-4A9A-AF25-3CB76D9163B6}.Debug|Any CPU.Build.0 = Debug|Any CPU
		{D7284364-A457-4A9A-AF25-3CB76D9163B6}.Release|Any CPU.ActiveCfg = Release|Any CPU
		{D7284364-A457-4A9A-AF25-3CB76D9163B6}.Release|Any CPU.Build.0 = Release|Any CPU
		{CF0EAD86-0538-4A92-B67E-0DF4EE5F7F13}.Debug|Any CPU.ActiveCfg = Debug|Any CPU
		{CF0EAD86-0538-4A92-B67E-0DF4EE5F7F13}.Debug|Any CPU.Build.0 = Debug|Any CPU
		{CF0EAD86-0538-4A92-B67E-0DF4EE5F7F13}.Release|Any CPU.ActiveCfg = Release|Any CPU
		{CF0EAD86-0538-4A92-B67E-0DF4EE5F7F13}.Release|Any CPU.Build.0 = Release|Any CPU
	EndGlobalSection
	GlobalSection(SolutionProperties) = preSolution
		HideSolutionNode = FALSE
	EndGlobalSection
EndGlobal
